
Microsoft Visual Studio Solution File, Format Version 12.00
# Visual Studio Version 17
VisualStudioVersion = 17.0.31903.59
MinimumVisualStudioVersion = 10.0.40219.1
Project("{2150E333-8FDC-42A3-9474-1A3956D46DE8}") = "src", "src", "{768840F3-4AA2-4C75-B658-A24277E55E93}"
EndProject
Project("{2150E333-8FDC-42A3-9474-1A3956D46DE8}") = "Shared", "Shared", "{C88A5EA1-308A-404B-9F9C-48A75F97B44F}"
EndProject
Project("{FAE04EC0-301F-11D3-BF4B-00C04F79EFBC}") = "Shared.Common", "src\Shared\Shared.Common\Shared.Common.csproj", "{C7115C54-F4C8-49A5-BF6B-120292A7E029}"
EndProject
Project("{2150E333-8FDC-42A3-9474-1A3956D46DE8}") = "Services", "Services", "{A35642C1-1710-4789-829A-CE87F769D806}"
EndProject
Project("{2150E333-8FDC-42A3-9474-1A3956D46DE8}") = "Catalog", "Catalog", "{1604E819-700A-4A4D-9107-8925726C1457}"
EndProject
Project("{FAE04EC0-301F-11D3-BF4B-00C04F79EFBC}") = "Catalog.API", "src\Services\Catalog\Catalog.API\Catalog.API.csproj", "{95EBB728-8FF6-45B7-9836-068D48A4406B}"
EndProject
Project("{2150E333-8FDC-42A3-9474-1A3956D46DE8}") = "Basket", "Basket", "{08382B6F-542A-4417-8430-798DA27BDFC2}"
EndProject
Project("{FAE04EC0-301F-11D3-BF4B-00C04F79EFBC}") = "Basket.API", "src\Services\Basket\Basket.API\Basket.API.csproj", "{23AC6291-73F3-4EF0-AB1F-F50F6595B037}"
EndProject
Project("{2150E333-8FDC-42A3-9474-1A3956D46DE8}") = "Payment", "Payment", "{4512D8CD-E6A9-464C-8056-E1A371B82928}"
EndProject
Project("{FAE04EC0-301F-11D3-BF4B-00C04F79EFBC}") = "Payment.API", "src\Services\Payment\Payment.API\Payment.API.csproj", "{EC4419C1-87D0-45FC-AA7D-E9BE862CD1C7}"
EndProject
Project("{2150E333-8FDC-42A3-9474-1A3956D46DE8}") = "Gateway", "Gateway", "{D3B9053E-DA34-471B-A847-DC7D0A4D3B73}"
EndProject
Project("{FAE04EC0-301F-11D3-BF4B-00C04F79EFBC}") = "Gateway.API", "src\Gateway\Gateway.API\Gateway.API.csproj", "{8A436BB9-6E9C-47E2-AA6D-B91B4BF7C860}"
EndProject
Global
	GlobalSection(SolutionConfigurationPlatforms) = preSolution
		Debug|Any CPU = Debug|Any CPU
		Release|Any CPU = Release|Any CPU
	EndGlobalSection
	GlobalSection(SolutionProperties) = preSolution
		HideSolutionNode = FALSE
	EndGlobalSection
	GlobalSection(ProjectConfigurationPlatforms) = postSolution
		{C7115C54-F4C8-49A5-BF6B-120292A7E029}.Debug|Any CPU.ActiveCfg = Debug|Any CPU
		{C7115C54-F4C8-49A5-BF6B-120292A7E029}.Debug|Any CPU.Build.0 = Debug|Any CPU
		{C7115C54-F4C8-49A5-BF6B-120292A7E029}.Release|Any CPU.ActiveCfg = Release|Any CPU
		{C7115C54-F4C8-49A5-BF6B-120292A7E029}.Release|Any CPU.Build.0 = Release|Any CPU
		{95EBB728-8FF6-45B7-9836-068D48A4406B}.Debug|Any CPU.ActiveCfg = Debug|Any CPU
		{95EBB728-8FF6-45B7-9836-068D48A4406B}.Debug|Any CPU.Build.0 = Debug|Any CPU
		{95EBB728-8FF6-45B7-9836-068D48A4406B}.Release|Any CPU.ActiveCfg = Release|Any CPU
		{95EBB728-8FF6-45B7-9836-068D48A4406B}.Release|Any CPU.Build.0 = Release|Any CPU
		{23AC6291-73F3-4EF0-AB1F-F50F6595B037}.Debug|Any CPU.ActiveCfg = Debug|Any CPU
		{23AC6291-73F3-4EF0-AB1F-F50F6595B037}.Debug|Any CPU.Build.0 = Debug|Any CPU
		{23AC6291-73F3-4EF0-AB1F-F50F6595B037}.Release|Any CPU.ActiveCfg = Release|Any CPU
		{23AC6291-73F3-4EF0-AB1F-F50F6595B037}.Release|Any CPU.Build.0 = Release|Any CPU
		{EC4419C1-87D0-45FC-AA7D-E9BE862CD1C7}.Debug|Any CPU.ActiveCfg = Debug|Any CPU
		{EC4419C1-87D0-45FC-AA7D-E9BE862CD1C7}.Debug|Any CPU.Build.0 = Debug|Any CPU
		{EC4419C1-87D0-45FC-AA7D-E9BE862CD1C7}.Release|Any CPU.ActiveCfg = Release|Any CPU
		{EC4419C1-87D0-45FC-AA7D-E9BE862CD1C7}.Release|Any CPU.Build.0 = Release|Any CPU
		{8A436BB9-6E9C-47E2-AA6D-B91B4BF7C860}.Debug|Any CPU.ActiveCfg = Debug|Any CPU
		{8A436BB9-6E9C-47E2-AA6D-B91B4BF7C860}.Debug|Any CPU.Build.0 = Debug|Any CPU
		{8A436BB9-6E9C-47E2-AA6D-B91B4BF7C860}.Release|Any CPU.ActiveCfg = Release|Any CPU
		{8A436BB9-6E9C-47E2-AA6D-B91B4BF7C860}.Release|Any CPU.Build.0 = Release|Any CPU
	EndGlobalSection
	GlobalSection(NestedProjects) = preSolution
		{C88A5EA1-308A-404B-9F9C-48A75F97B44F} = {768840F3-4AA2-4C75-B658-A24277E55E93}
		{C7115C54-F4C8-49A5-BF6B-120292A7E029} = {C88A5EA1-308A-404B-9F9C-48A75F97B44F}
		{A35642C1-1710-4789-829A-CE87F769D806} = {768840F3-4AA2-4C75-B658-A24277E55E93}
		{1604E819-700A-4A4D-9107-8925726C1457} = {A35642C1-1710-4789-829A-CE87F769D806}
		{95EBB728-8FF6-45B7-9836-068D48A4406B} = {1604E819-700A-4A4D-9107-8925726C1457}
		{08382B6F-542A-4417-8430-798DA27BDFC2} = {A35642C1-1710-4789-829A-CE87F769D806}
		{23AC6291-73F3-4EF0-AB1F-F50F6595B037} = {08382B6F-542A-4417-8430-798DA27BDFC2}
		{4512D8CD-E6A9-464C-8056-E1A371B82928} = {A35642C1-1710-4789-829A-CE87F769D806}
		{EC4419C1-87D0-45FC-AA7D-E9BE862CD1C7} = {4512D8CD-E6A9-464C-8056-E1A371B82928}
		{D3B9053E-DA34-471B-A847-DC7D0A4D3B73} = {768840F3-4AA2-4C75-B658-A24277E55E93}
		{8A436BB9-6E9C-47E2-AA6D-B91B4BF7C860} = {D3B9053E-DA34-471B-A847-DC7D0A4D3B73}
	EndGlobalSection
EndGlobal
